
Microsoft Visual Studio Solution File, Format Version 12.00
# Visual Studio Version 17
VisualStudioVersion = 17.4.33403.182
MinimumVisualStudioVersion = 10.0.40219.1
Project("{FAE04EC0-301F-11D3-BF4B-00C04F79EFBC}") = "setur", "setur.csproj", "{4D9F5234-6EEE-42FD-9CAB-BED85636A64C}"
EndProject
Global
	GlobalSection(SolutionConfigurationPlatforms) = preSolution
		Debug|Any CPU = Debug|Any CPU
		Release|Any CPU = Release|Any CPU
	EndGlobalSection
	GlobalSection(ProjectConfigurationPlatforms) = postSolution
		{4D9F5234-6EEE-42FD-9CAB-BED85636A64C}.Debug|Any CPU.ActiveCfg = Debug|Any CPU
		{4D9F5234-6EEE-42FD-9CAB-BED85636A64C}.Debug|Any CPU.Build.0 = Debug|Any CPU
		{4D9F5234-6EEE-42FD-9CAB-BED85636A64C}.Release|Any CPU.ActiveCfg = Release|Any CPU
		{4D9F5234-6EEE-42FD-9CAB-BED85636A64C}.Release|Any CPU.Build.0 = Release|Any CPU
	EndGlobalSection
	GlobalSection(SolutionProperties) = preSolution
		HideSolutionNode = FALSE
	EndGlobalSection
	GlobalSection(ExtensibilityGlobals) = postSolution
		SolutionGuid = {77DA961A-D08E-4CBE-8584-236178D7C7EC}
	EndGlobalSection
EndGlobal
